lockfileVersion: '9.0'

settings:
  autoInstallPeers: true
  excludeLinksFromLockfile: false

importers:

  .:
    dependencies:
      aws-cdk:
        specifier: ^2.154.1
        version: 2.154.1

packages:

  aws-cdk@2.154.1:
    resolution: {integrity: sha512-yJoLTo+fUHRLD4YQMt/QoOPgiT/daci4I5KcaDK8Cx2fWA0Z3h5U9+bWS3ah+8OeZ91fciNCwt6Yt/0p+cp2GQ==}
    engines: {node: '>= 14.15.0'}
    hasBin: true

  fsevents@2.3.2:
    resolution: {integrity: sha512-xiqMQR4xAeHTuB9uWm+fFRcIOgKBMiOBP+eXiyT7jsgVCq1bkVygt00oASowB7EdtpOHaaPgKt812P9ab+DDKA==}
    engines: {node: ^8.16.0 || ^10.6.0 || >=11.0.0}
    os: [darwin]

snapshots:

  aws-cdk@2.154.1:
    optionalDependencies:
      fsevents: 2.3.2

  fsevents@2.3.2:
    optional: true
